
Microsoft Visual Studio Solution File, Format Version 12.00
# Visual Studio 15
VisualStudioVersion = 15.0.28307.960
MinimumVisualStudioVersion = 10.0.40219.1
Project("{FAE04EC0-301F-11D3-BF4B-00C04F79EFBC}") = "AppointmentSystem", "AppointmentSystem\AppointmentSystem.csproj", "{A54113DB-1BEC-4009-897A-2FDFBCEF5D8C}"
EndProject
Global
	GlobalSection(SolutionConfigurationPlatforms) = preSolution
		Debug|Any CPU = Debug|Any CPU
		Release|Any CPU = Release|Any CPU
	EndGlobalSection
	GlobalSection(ProjectConfigurationPlatforms) = postSolution
		{A54113DB-1BEC-4009-897A-2FDFBCEF5D8C}.Debug|Any CPU.ActiveCfg = Debug|Any CPU
		{A54113DB-1BEC-4009-897A-2FDFBCEF5D8C}.Debug|Any CPU.Build.0 = Debug|Any CPU
		{A54113DB-1BEC-4009-897A-2FDFBCEF5D8C}.Release|Any CPU.ActiveCfg = Release|Any CPU
		{A54113DB-1BEC-4009-897A-2FDFBCEF5D8C}.Release|Any CPU.Build.0 = Release|Any CPU
	EndGlobalSection
	GlobalSection(SolutionProperties) = preSolution
		HideSolutionNode = FALSE
	EndGlobalSection
	GlobalSection(ExtensibilityGlobals) = postSolution
		SolutionGuid = {156DCD77-2FE5-4055-82C1-8E943795E195}
	EndGlobalSection
EndGlobal
